
Microsoft Visual Studio Solution File, Format Version 12.00
# Visual Studio Version 17
VisualStudioVersion = 17.5.002.0
MinimumVisualStudioVersion = 10.0.40219.1
Project("{2150E333-8FDC-42A3-9474-1A3956D46DE8}") = "csharp-prep", "csharp-prep", "{24ECA1D8-FF96-4454-8BE2-C72E705F8076}"
EndProject
Project("{9A19103F-16F7-4668-BE54-9A1E7A4F7556}") = "Prep1", "csharp-prep\Prep1\Prep1.csproj", "{84A854EA-69F4-4856-A6C3-0975906C8EAE}"
EndProject
Project("{9A19103F-16F7-4668-BE54-9A1E7A4F7556}") = "Prep2", "csharp-prep\Prep2\Prep2.csproj", "{AB6EF7D6-18F4-41B0-A6DF-D9624565CCB7}"
EndProject
Project("{9A19103F-16F7-4668-BE54-9A1E7A4F7556}") = "Prep3", "csharp-prep\Prep3\Prep3.csproj", "{53350066-CA41-442E-8A23-3459ABEC0E7C}"
EndProject
Project("{9A19103F-16F7-4668-BE54-9A1E7A4F7556}") = "Prep4", "csharp-prep\Prep4\Prep4.csproj", "{8DB20F75-EC71-400C-9723-6F765A82CB65}"
EndProject
Project("{9A19103F-16F7-4668-BE54-9A1E7A4F7556}") = "Prep5", "csharp-prep\Prep5\Prep5.csproj", "{8A952CE2-812E-4C62-8041-351A99E8C384}"
EndProject
Project("{2150E333-8FDC-42A3-9474-1A3956D46DE8}") = "final", "final", "{54D70119-93EE-4D5D-8842-2AD40445CC29}"
EndProject
Project("{9A19103F-16F7-4668-BE54-9A1E7A4F7556}") = "FinalProject", "final\FinalProject\FinalProject.csproj", "{5AA27CCF-17BC-467C-A861-13209967B9D2}"
EndProject
Project("{9A19103F-16F7-4668-BE54-9A1E7A4F7556}") = "Foundation1", "final\Foundation1\Foundation1.csproj", "{E828851D-2882-4522-ADFB-20F8215DF4F8}"
EndProject
Project("{9A19103F-16F7-4668-BE54-9A1E7A4F7556}") = "Foundation2", "final\Foundation2\Foundation2.csproj", "{F717FF9C-BBC6-447C-A131-D90F2DC89BD7}"
EndProject
Project("{9A19103F-16F7-4668-BE54-9A1E7A4F7556}") = "Foundation3", "final\Foundation3\Foundation3.csproj", "{35E2348E-2221-47B0-9E19-25A4F94F06FC}"
EndProject
Project("{9A19103F-16F7-4668-BE54-9A1E7A4F7556}") = "Foundation4", "final\Foundation4\Foundation4.csproj", "{C29077B7-6C9A-4F23-AC62-5150547105A2}"
EndProject
Project("{2150E333-8FDC-42A3-9474-1A3956D46DE8}") = "prepare", "prepare", "{960543FF-1348-43EA-A359-B4CBD6A44313}"
EndProject
Project("{9A19103F-16F7-4668-BE54-9A1E7A4F7556}") = "Learning02", "prepare\Learning02\Learning02.csproj", "{6498254F-8494-43F9-B503-50CF7F2ED4E9}"
EndProject
Project("{9A19103F-16F7-4668-BE54-9A1E7A4F7556}") = "Learning03", "prepare\Learning03\Learning03.csproj", "{7360CD4F-1CE8-4802-B3E6-2B58F9D4C5B9}"
EndProject
Project("{9A19103F-16F7-4668-BE54-9A1E7A4F7556}") = "Learning04", "prepare\Learning04\Learning04.csproj", "{00E34EEB-C8F4-415D-8B32-953B08946D4D}"
EndProject
Project("{9A19103F-16F7-4668-BE54-9A1E7A4F7556}") = "Learning05", "prepare\Learning05\Learning05.csproj", "{EB6E0BBC-DD6F-4B00-857E-6223B0986497}"
EndProject
Project("{2150E333-8FDC-42A3-9474-1A3956D46DE8}") = "prove", "prove", "{DBAD7C53-7C6A-40E4-9853-5E8ED3264640}"
EndProject
Project("{9A19103F-16F7-4668-BE54-9A1E7A4F7556}") = "Develop02", "prove\Develop02\Develop02.csproj", "{FEC18032-E0EC-44BC-B67F-D3EB100292E5}"
EndProject
Project("{9A19103F-16F7-4668-BE54-9A1E7A4F7556}") = "Develop03", "prove\Develop03\Develop03.csproj", "{390DA5FB-D5AA-4F66-818F-8EF4293DDE6A}"
EndProject
Project("{9A19103F-16F7-4668-BE54-9A1E7A4F7556}") = "Develop04", "prove\Develop04\Develop04.csproj", "{24B55732-656D-41C8-98B1-71D37E05A682}"
EndProject
Project("{9A19103F-16F7-4668-BE54-9A1E7A4F7556}") = "Develop05", "prove\Develop05\Develop05.csproj", "{5E40BA59-ED29-4F75-97D9-2723F7C9726E}"
EndProject
Project("{2150E333-8FDC-42A3-9474-1A3956D46DE8}") = "sandbox", "sandbox", "{6D83EB7F-C96E-43C8-B213-0231E5A0A62A}"
EndProject
Project("{9A19103F-16F7-4668-BE54-9A1E7A4F7556}") = "Sandbox", "sandbox\Sandbox\Sandbox.csproj", "{9C7AC987-BB1B-47D2-BF2A-ADF71B74D664}"
EndProject
Global
	GlobalSection(SolutionConfigurationPlatforms) = preSolution
		Debug|Any CPU = Debug|Any CPU
		Release|Any CPU = Release|Any CPU
	EndGlobalSection
	GlobalSection(ProjectConfigurationPlatforms) = postSolution
		{84A854EA-69F4-4856-A6C3-0975906C8EAE}.Debug|Any CPU.ActiveCfg = Debug|Any CPU
		{84A854EA-69F4-4856-A6C3-0975906C8EAE}.Debug|Any CPU.Build.0 = Debug|Any CPU
		{84A854EA-69F4-4856-A6C3-0975906C8EAE}.Release|Any CPU.ActiveCfg = Release|Any CPU
		{84A854EA-69F4-4856-A6C3-0975906C8EAE}.Release|Any CPU.Build.0 = Release|Any CPU
		{AB6EF7D6-18F4-41B0-A6DF-D9624565CCB7}.Debug|Any CPU.ActiveCfg = Debug|Any CPU
		{AB6EF7D6-18F4-41B0-A6DF-D9624565CCB7}.Debug|Any CPU.Build.0 = Debug|Any CPU
		{AB6EF7D6-18F4-41B0-A6DF-D9624565CCB7}.Release|Any CPU.ActiveCfg = Release|Any CPU
		{AB6EF7D6-18F4-41B0-A6DF-D9624565CCB7}.Release|Any CPU.Build.0 = Release|Any CPU
		{53350066-CA41-442E-8A23-3459ABEC0E7C}.Debug|Any CPU.ActiveCfg = Debug|Any CPU
		{53350066-CA41-442E-8A23-3459ABEC0E7C}.Debug|Any CPU.Build.0 = Debug|Any CPU
		{53350066-CA41-442E-8A23-3459ABEC0E7C}.Release|Any CPU.ActiveCfg = Release|Any CPU
		{53350066-CA41-442E-8A23-3459ABEC0E7C}.Release|Any CPU.Build.0 = Release|Any CPU
		{8DB20F75-EC71-400C-9723-6F765A82CB65}.Debug|Any CPU.ActiveCfg = Debug|Any CPU
		{8DB20F75-EC71-400C-9723-6F765A82CB65}.Debug|Any CPU.Build.0 = Debug|Any CPU
		{8DB20F75-EC71-400C-9723-6F765A82CB65}.Release|Any CPU.ActiveCfg = Release|Any CPU
		{8DB20F75-EC71-400C-9723-6F765A82CB65}.Release|Any CPU.Build.0 = Release|Any CPU
		{8A952CE2-812E-4C62-8041-351A99E8C384}.Debug|Any CPU.ActiveCfg = Debug|Any CPU
		{8A952CE2-812E-4C62-8041-351A99E8C384}.Debug|Any CPU.Build.0 = Debug|Any CPU
		{8A952CE2-812E-4C62-8041-351A99E8C384}.Release|Any CPU.ActiveCfg = Release|Any CPU
		{8A952CE2-812E-4C62-8041-351A99E8C384}.Release|Any CPU.Build.0 = Release|Any CPU
		{5AA27CCF-17BC-467C-A861-13209967B9D2}.Debug|Any CPU.ActiveCfg = Debug|Any CPU
		{5AA27CCF-17BC-467C-A861-13209967B9D2}.Debug|Any CPU.Build.0 = Debug|Any CPU
		{5AA27CCF-17BC-467C-A861-13209967B9D2}.Release|Any CPU.ActiveCfg = Release|Any CPU
		{5AA27CCF-17BC-467C-A861-13209967B9D2}.Release|Any CPU.Build.0 = Release|Any CPU
		{E828851D-2882-4522-ADFB-20F8215DF4F8}.Debug|Any CPU.ActiveCfg = Debug|Any CPU
		{E828851D-2882-4522-ADFB-20F8215DF4F8}.Debug|Any CPU.Build.0 = Debug|Any CPU
		{E828851D-2882-4522-ADFB-20F8215DF4F8}.Release|Any CPU.ActiveCfg = Release|Any CPU
		{E828851D-2882-4522-ADFB-20F8215DF4F8}.Release|Any CPU.Build.0 = Release|Any CPU
		{F717FF9C-BBC6-447C-A131-D90F2DC89BD7}.Debug|Any CPU.ActiveCfg = Debug|Any CPU
		{F717FF9C-BBC6-447C-A131-D90F2DC89BD7}.Debug|Any CPU.Build.0 = Debug|Any CPU
		{F717FF9C-BBC6-447C-A131-D90F2DC89BD7}.Release|Any CPU.ActiveCfg = Release|Any CPU
		{F717FF9C-BBC6-447C-A131-D90F2DC89BD7}.Release|Any CPU.Build.0 = Release|Any CPU
		{35E2348E-2221-47B0-9E19-25A4F94F06FC}.Debug|Any CPU.ActiveCfg = Debug|Any CPU
		{35E2348E-2221-47B0-9E19-25A4F94F06FC}.Debug|Any CPU.Build.0 = Debug|Any CPU
		{35E2348E-2221-47B0-9E19-25A4F94F06FC}.Release|Any CPU.ActiveCfg = Release|Any CPU
		{35E2348E-2221-47B0-9E19-25A4F94F06FC}.Release|Any CPU.Build.0 = Release|Any CPU
		{C29077B7-6C9A-4F23-AC62-5150547105A2}.Debug|Any CPU.ActiveCfg = Debug|Any CPU
		{C29077B7-6C9A-4F23-AC62-5150547105A2}.Debug|Any CPU.Build.0 = Debug|Any CPU
		{C29077B7-6C9A-4F23-AC62-5150547105A2}.Release|Any CPU.ActiveCfg = Release|Any CPU
		{C29077B7-6C9A-4F23-AC62-5150547105A2}.Release|Any CPU.Build.0 = Release|Any CPU
		{6498254F-8494-43F9-B503-50CF7F2ED4E9}.Debug|Any CPU.ActiveCfg = Debug|Any CPU
		{6498254F-8494-43F9-B503-50CF7F2ED4E9}.Debug|Any CPU.Build.0 = Debug|Any CPU
		{6498254F-8494-43F9-B503-50CF7F2ED4E9}.Release|Any CPU.ActiveCfg = Release|Any CPU
		{6498254F-8494-43F9-B503-50CF7F2ED4E9}.Release|Any CPU.Build.0 = Release|Any CPU
		{7360CD4F-1CE8-4802-B3E6-2B58F9D4C5B9}.Debug|Any CPU.ActiveCfg = Debug|Any CPU
		{7360CD4F-1CE8-4802-B3E6-2B58F9D4C5B9}.Debug|Any CPU.Build.0 = Debug|Any CPU
		{7360CD4F-1CE8-4802-B3E6-2B58F9D4C5B9}.Release|Any CPU.ActiveCfg = Release|Any CPU
		{7360CD4F-1CE8-4802-B3E6-2B58F9D4C5B9}.Release|Any CPU.Build.0 = Release|Any CPU
		{00E34EEB-C8F4-415D-8B32-953B08946D4D}.Debug|Any CPU.ActiveCfg = Debug|Any CPU
		{00E34EEB-C8F4-415D-8B32-953B08946D4D}.Debug|Any CPU.Build.0 = Debug|Any CPU
		{00E34EEB-C8F4-415D-8B32-953B08946D4D}.Release|Any CPU.ActiveCfg = Release|Any CPU
		{00E34EEB-C8F4-415D-8B32-953B08946D4D}.Release|Any CPU.Build.0 = Release|Any CPU
		{EB6E0BBC-DD6F-4B00-857E-6223B0986497}.Debug|Any CPU.ActiveCfg = Debug|Any CPU
		{EB6E0BBC-DD6F-4B00-857E-6223B0986497}.Debug|Any CPU.Build.0 = Debug|Any CPU
		{EB6E0BBC-DD6F-4B00-857E-6223B0986497}.Release|Any CPU.ActiveCfg = Release|Any CPU
		{EB6E0BBC-DD6F-4B00-857E-6223B0986497}.Release|Any CPU.Build.0 = Release|Any CPU
		{FEC18032-E0EC-44BC-B67F-D3EB100292E5}.Debug|Any CPU.ActiveCfg = Debug|Any CPU
		{FEC18032-E0EC-44BC-B67F-D3EB100292E5}.Debug|Any CPU.Build.0 = Debug|Any CPU
		{FEC18032-E0EC-44BC-B67F-D3EB100292E5}.Release|Any CPU.ActiveCfg = Release|Any CPU
		{FEC18032-E0EC-44BC-B67F-D3EB100292E5}.Release|Any CPU.Build.0 = Release|Any CPU
		{390DA5FB-D5AA-4F66-818F-8EF4293DDE6A}.Debug|Any CPU.ActiveCfg = Debug|Any CPU
		{390DA5FB-D5AA-4F66-818F-8EF4293DDE6A}.Debug|Any CPU.Build.0 = Debug|Any CPU
		{390DA5FB-D5AA-4F66-818F-8EF4293DDE6A}.Release|Any CPU.ActiveCfg = Release|Any CPU
		{390DA5FB-D5AA-4F66-818F-8EF4293DDE6A}.Release|Any CPU.Build.0 = Release|Any CPU
		{24B55732-656D-41C8-98B1-71D37E05A682}.Debug|Any CPU.ActiveCfg = Debug|Any CPU
		{24B55732-656D-41C8-98B1-71D37E05A682}.Debug|Any CPU.Build.0 = Debug|Any CPU
		{24B55732-656D-41C8-98B1-71D37E05A682}.Release|Any CPU.ActiveCfg = Release|Any CPU
		{24B55732-656D-41C8-98B1-71D37E05A682}.Release|Any CPU.Build.0 = Release|Any CPU
		{5E40BA59-ED29-4F75-97D9-2723F7C9726E}.Debug|Any CPU.ActiveCfg = Debug|Any CPU
		{5E40BA59-ED29-4F75-97D9-2723F7C9726E}.Debug|Any CPU.Build.0 = Debug|Any CPU
		{5E40BA59-ED29-4F75-97D9-2723F7C9726E}.Release|Any CPU.ActiveCfg = Release|Any CPU
		{5E40BA59-ED29-4F75-97D9-2723F7C9726E}.Release|Any CPU.Build.0 = Release|Any CPU
		{9C7AC987-BB1B-47D2-BF2A-ADF71B74D664}.Debug|Any CPU.ActiveCfg = Debug|Any CPU
		{9C7AC987-BB1B-47D2-BF2A-ADF71B74D664}.Debug|Any CPU.Build.0 = Debug|Any CPU
		{9C7AC987-BB1B-47D2-BF2A-ADF71B74D664}.Release|Any CPU.ActiveCfg = Release|Any CPU
		{9C7AC987-BB1B-47D2-BF2A-ADF71B74D664}.Release|Any CPU.Build.0 = Release|Any CPU
	EndGlobalSection
	GlobalSection(SolutionProperties) = preSolution
		HideSolutionNode = FALSE
	EndGlobalSection
	GlobalSection(NestedProjects) = preSolution
		{84A854EA-69F4-4856-A6C3-0975906C8EAE} = {24ECA1D8-FF96-4454-8BE2-C72E705F8076}
		{AB6EF7D6-18F4-41B0-A6DF-D9624565CCB7} = {24ECA1D8-FF96-4454-8BE2-C72E705F8076}
		{53350066-CA41-442E-8A23-3459ABEC0E7C} = {24ECA1D8-FF96-4454-8BE2-C72E705F8076}
		{8DB20F75-EC71-400C-9723-6F765A82CB65} = {24ECA1D8-FF96-4454-8BE2-C72E705F8076}
		{8A952CE2-812E-4C62-8041-351A99E8C384} = {24ECA1D8-FF96-4454-8BE2-C72E705F8076}
		{5AA27CCF-17BC-467C-A861-13209967B9D2} = {54D70119-93EE-4D5D-8842-2AD40445CC29}
		{E828851D-2882-4522-ADFB-20F8215DF4F8} = {54D70119-93EE-4D5D-8842-2AD40445CC29}
		{F717FF9C-BBC6-447C-A131-D90F2DC89BD7} = {54D70119-93EE-4D5D-8842-2AD40445CC29}
		{35E2348E-2221-47B0-9E19-25A4F94F06FC} = {54D70119-93EE-4D5D-8842-2AD40445CC29}
		{C29077B7-6C9A-4F23-AC62-5150547105A2} = {54D70119-93EE-4D5D-8842-2AD40445CC29}
		{6498254F-8494-43F9-B503-50CF7F2ED4E9} = {960543FF-1348-43EA-A359-B4CBD6A44313}
		{7360CD4F-1CE8-4802-B3E6-2B58F9D4C5B9} = {960543FF-1348-43EA-A359-B4CBD6A44313}
		{00E34EEB-C8F4-415D-8B32-953B08946D4D} = {960543FF-1348-43EA-A359-B4CBD6A44313}
		{EB6E0BBC-DD6F-4B00-857E-6223B0986497} = {960543FF-1348-43EA-A359-B4CBD6A44313}
		{FEC18032-E0EC-44BC-B67F-D3EB100292E5} = {DBAD7C53-7C6A-40E4-9853-5E8ED3264640}
		{390DA5FB-D5AA-4F66-818F-8EF4293DDE6A} = {DBAD7C53-7C6A-40E4-9853-5E8ED3264640}
		{24B55732-656D-41C8-98B1-71D37E05A682} = {DBAD7C53-7C6A-40E4-9853-5E8ED3264640}
		{5E40BA59-ED29-4F75-97D9-2723F7C9726E} = {DBAD7C53-7C6A-40E4-9853-5E8ED3264640}
		{9C7AC987-BB1B-47D2-BF2A-ADF71B74D664} = {6D83EB7F-C96E-43C8-B213-0231E5A0A62A}
	EndGlobalSection
	GlobalSection(ExtensibilityGlobals) = postSolution
		SolutionGuid = {97B0F011-FCE8-4066-A70C-39EB74944D60}
	EndGlobalSection
EndGlobal
